
Microsoft Visual Studio Solution File, Format Version 12.00
# Visual Studio Version 17
VisualStudioVersion = 17.11.35219.272
MinimumVisualStudioVersion = 10.0.40219.1
Project("{FAE04EC0-301F-11D3-BF4B-00C04F79EFBC}") = "Example", "Example\Example.csproj", "{BA1FBEB5-1604-45C6-8ADB-75954B8374C0}"
EndProject
Global
	GlobalSection(SolutionConfigurationPlatforms) = preSolution
		Debug|Any CPU = Debug|Any CPU
		Release|Any CPU = Release|Any CPU
	EndGlobalSection
	GlobalSection(ProjectConfigurationPlatforms) = postSolution
		{BA1FBEB5-1604-45C6-8ADB-75954B8374C0}.Debug|Any CPU.ActiveCfg = Debug|Any CPU
		{BA1FBEB5-1604-45C6-8ADB-75954B8374C0}.Debug|Any CPU.Build.0 = Debug|Any CPU
		{BA1FBEB5-1604-45C6-8ADB-75954B8374C0}.Release|Any CPU.ActiveCfg = Release|Any CPU
		{BA1FBEB5-1604-45C6-8ADB-75954B8374C0}.Release|Any CPU.Build.0 = Release|Any CPU
	EndGlobalSection
	GlobalSection(SolutionProperties) = preSolution
		HideSolutionNode = FALSE
	EndGlobalSection
	GlobalSection(ExtensibilityGlobals) = postSolution
		SolutionGuid = {60964939-F12B-4AF0-A9CA-04A2523A6D07}
	EndGlobalSection
EndGlobal
